
Microsoft Visual Studio Solution File, Format Version 12.00
# Visual Studio Version 17
VisualStudioVersion = 17.8.34330.188
MinimumVisualStudioVersion = 10.0.40219.1
Project("{8BC9CEB8-8B4A-11D0-8D11-00A0C91BC942}") = "Program", "Program.vcxproj", "{4FC6BB2E-227C-4B8D-8FAF-16E48CC00D8A}"
EndProject
Project("{8BC9CEB8-8B4A-11D0-8D11-00A0C91BC942}") = "Class 1th (Compile)", "..\Class 1th (Compile)\Class 1th (Compile).vcxproj", "{29AB7D1C-32C5-4E52-A15C-D19827D48D50}"
EndProject
Project("{8BC9CEB8-8B4A-11D0-8D11-00A0C91BC942}") = "Class 2th (Variable)", "..\Class 2th (Variable)\Class 2th (Variable).vcxproj", "{A02A266F-12AF-4553-AECF-639BD4FF72ED}"
EndProject
Project("{8BC9CEB8-8B4A-11D0-8D11-00A0C91BC942}") = "Class 3th (Bit)", "..\Class 3th (Bit)\Class 3th (Bit).vcxproj", "{22D60B8F-EC92-49E8-9321-60AECF68BDF1}"
EndProject
Project("{8BC9CEB8-8B4A-11D0-8D11-00A0C91BC942}") = "Class 4th (Overflow & Underflow)", "..\Class 4th (Overflow & Underflow)\Class 4th (Overflow & Underflow).vcxproj", "{CC17692C-E7AB-4394-B904-D183F6F63E26}"
EndProject
Project("{8BC9CEB8-8B4A-11D0-8D11-00A0C91BC942}") = "Class 5th(Conditional Statement)", "..\Class 5th(Conditional Statement)\Class 5th(Conditional Statement).vcxproj", "{A0832431-6512-4F9B-A028-5158D0C32721}"
EndProject
Project("{8BC9CEB8-8B4A-11D0-8D11-00A0C91BC942}") = "Class 6th (Type Conversion)", "..\Class 6th (Type Conversion)\Class 6th (Type Conversion).vcxproj", "{A5B9EBFE-2956-4D50-B509-C1A6832E7E86}"
EndProject
Project("{8BC9CEB8-8B4A-11D0-8D11-00A0C91BC942}") = "Class 7th (Iteration Statement)", "..\Class 7th (Iteration Statement)\Class 7th (Iteration Statement).vcxproj", "{BADF5BB6-A1FA-4325-A508-A6D14CC7B9BC}"
EndProject
Project("{8BC9CEB8-8B4A-11D0-8D11-00A0C91BC942}") = "Class 8th (Pointer)", "..\Class 8th (Pointer)\Class 8th (Pointer).vcxproj", "{26E2402E-F865-433B-98BE-E9C04319E834}"
EndProject
Global
	GlobalSection(SolutionConfigurationPlatforms) = preSolution
		Debug|x64 = Debug|x64
		Debug|x86 = Debug|x86
		Release|x64 = Release|x64
		Release|x86 = Release|x86
	EndGlobalSection
	GlobalSection(ProjectConfigurationPlatforms) = postSolution
		{4FC6BB2E-227C-4B8D-8FAF-16E48CC00D8A}.Debug|x64.ActiveCfg = Debug|x64
		{4FC6BB2E-227C-4B8D-8FAF-16E48CC00D8A}.Debug|x64.Build.0 = Debug|x64
		{4FC6BB2E-227C-4B8D-8FAF-16E48CC00D8A}.Debug|x86.ActiveCfg = Debug|Win32
		{4FC6BB2E-227C-4B8D-8FAF-16E48CC00D8A}.Debug|x86.Build.0 = Debug|Win32
		{4FC6BB2E-227C-4B8D-8FAF-16E48CC00D8A}.Release|x64.ActiveCfg = Release|x64
		{4FC6BB2E-227C-4B8D-8FAF-16E48CC00D8A}.Release|x64.Build.0 = Release|x64
		{4FC6BB2E-227C-4B8D-8FAF-16E48CC00D8A}.Release|x86.ActiveCfg = Release|Win32
		{4FC6BB2E-227C-4B8D-8FAF-16E48CC00D8A}.Release|x86.Build.0 = Release|Win32
		{29AB7D1C-32C5-4E52-A15C-D19827D48D50}.Debug|x64.ActiveCfg = Debug|x64
		{29AB7D1C-32C5-4E52-A15C-D19827D48D50}.Debug|x64.Build.0 = Debug|x64
		{29AB7D1C-32C5-4E52-A15C-D19827D48D50}.Debug|x86.ActiveCfg = Debug|Win32
		{29AB7D1C-32C5-4E52-A15C-D19827D48D50}.Debug|x86.Build.0 = Debug|Win32
		{29AB7D1C-32C5-4E52-A15C-D19827D48D50}.Release|x64.ActiveCfg = Release|x64
		{29AB7D1C-32C5-4E52-A15C-D19827D48D50}.Release|x64.Build.0 = Release|x64
		{29AB7D1C-32C5-4E52-A15C-D19827D48D50}.Release|x86.ActiveCfg = Release|Win32
		{29AB7D1C-32C5-4E52-A15C-D19827D48D50}.Release|x86.Build.0 = Release|Win32
		{A02A266F-12AF-4553-AECF-639BD4FF72ED}.Debug|x64.ActiveCfg = Debug|x64
		{A02A266F-12AF-4553-AECF-639BD4FF72ED}.Debug|x64.Build.0 = Debug|x64
		{A02A266F-12AF-4553-AECF-639BD4FF72ED}.Debug|x86.ActiveCfg = Debug|Win32
		{A02A266F-12AF-4553-AECF-639BD4FF72ED}.Debug|x86.Build.0 = Debug|Win32
		{A02A266F-12AF-4553-AECF-639BD4FF72ED}.Release|x64.ActiveCfg = Release|x64
		{A02A266F-12AF-4553-AECF-639BD4FF72ED}.Release|x64.Build.0 = Release|x64
		{A02A266F-12AF-4553-AECF-639BD4FF72ED}.Release|x86.ActiveCfg = Release|Win32
		{A02A266F-12AF-4553-AECF-639BD4FF72ED}.Release|x86.Build.0 = Release|Win32
		{22D60B8F-EC92-49E8-9321-60AECF68BDF1}.Debug|x64.ActiveCfg = Debug|x64
		{22D60B8F-EC92-49E8-9321-60AECF68BDF1}.Debug|x64.Build.0 = Debug|x64
		{22D60B8F-EC92-49E8-9321-60AECF68BDF1}.Debug|x86.ActiveCfg = Debug|Win32
		{22D60B8F-EC92-49E8-9321-60AECF68BDF1}.Debug|x86.Build.0 = Debug|Win32
		{22D60B8F-EC92-49E8-9321-60AECF68BDF1}.Release|x64.ActiveCfg = Release|x64
		{22D60B8F-EC92-49E8-9321-60AECF68BDF1}.Release|x64.Build.0 = Release|x64
		{22D60B8F-EC92-49E8-9321-60AECF68BDF1}.Release|x86.ActiveCfg = Release|Win32
		{22D60B8F-EC92-49E8-9321-60AECF68BDF1}.Release|x86.Build.0 = Release|Win32
		{CC17692C-E7AB-4394-B904-D183F6F63E26}.Debug|x64.ActiveCfg = Debug|x64
		{CC17692C-E7AB-4394-B904-D183F6F63E26}.Debug|x64.Build.0 = Debug|x64
		{CC17692C-E7AB-4394-B904-D183F6F63E26}.Debug|x86.ActiveCfg = Debug|Win32
		{CC17692C-E7AB-4394-B904-D183F6F63E26}.Debug|x86.Build.0 = Debug|Win32
		{CC17692C-E7AB-4394-B904-D183F6F63E26}.Release|x64.ActiveCfg = Release|x64
		{CC17692C-E7AB-4394-B904-D183F6F63E26}.Release|x64.Build.0 = Release|x64
		{CC17692C-E7AB-4394-B904-D183F6F63E26}.Release|x86.ActiveCfg = Release|Win32
		{CC17692C-E7AB-4394-B904-D183F6F63E26}.Release|x86.Build.0 = Release|Win32
		{A0832431-6512-4F9B-A028-5158D0C32721}.Debug|x64.ActiveCfg = Debug|x64
		{A0832431-6512-4F9B-A028-5158D0C32721}.Debug|x64.Build.0 = Debug|x64
		{A0832431-6512-4F9B-A028-5158D0C32721}.Debug|x86.ActiveCfg = Debug|Win32
		{A0832431-6512-4F9B-A028-5158D0C32721}.Debug|x86.Build.0 = Debug|Win32
		{A0832431-6512-4F9B-A028-5158D0C32721}.Release|x64.ActiveCfg = Release|x64
		{A0832431-6512-4F9B-A028-5158D0C32721}.Release|x64.Build.0 = Release|x64
		{A0832431-6512-4F9B-A028-5158D0C32721}.Release|x86.ActiveCfg = Release|Win32
		{A0832431-6512-4F9B-A028-5158D0C32721}.Release|x86.Build.0 = Release|Win32
		{A5B9EBFE-2956-4D50-B509-C1A6832E7E86}.Debug|x64.ActiveCfg = Debug|x64
		{A5B9EBFE-2956-4D50-B509-C1A6832E7E86}.Debug|x64.Build.0 = Debug|x64
		{A5B9EBFE-2956-4D50-B509-C1A6832E7E86}.Debug|x86.ActiveCfg = Debug|Win32
		{A5B9EBFE-2956-4D50-B509-C1A6832E7E86}.Debug|x86.Build.0 = Debug|Win32
		{A5B9EBFE-2956-4D50-B509-C1A6832E7E86}.Release|x64.ActiveCfg = Release|x64
		{A5B9EBFE-2956-4D50-B509-C1A6832E7E86}.Release|x64.Build.0 = Release|x64
		{A5B9EBFE-2956-4D50-B509-C1A6832E7E86}.Release|x86.ActiveCfg = Release|Win32
		{A5B9EBFE-2956-4D50-B509-C1A6832E7E86}.Release|x86.Build.0 = Release|Win32
		{BADF5BB6-A1FA-4325-A508-A6D14CC7B9BC}.Debug|x64.ActiveCfg = Debug|x64
		{BADF5BB6-A1FA-4325-A508-A6D14CC7B9BC}.Debug|x64.Build.0 = Debug|x64
		{BADF5BB6-A1FA-4325-A508-A6D14CC7B9BC}.Debug|x86.ActiveCfg = Debug|Win32
		{BADF5BB6-A1FA-4325-A508-A6D14CC7B9BC}.Debug|x86.Build.0 = Debug|Win32
		{BADF5BB6-A1FA-4325-A508-A6D14CC7B9BC}.Release|x64.ActiveCfg = Release|x64
		{BADF5BB6-A1FA-4325-A508-A6D14CC7B9BC}.Release|x64.Build.0 = Release|x64
		{BADF5BB6-A1FA-4325-A508-A6D14CC7B9BC}.Release|x86.ActiveCfg = Release|Win32
		{BADF5BB6-A1FA-4325-A508-A6D14CC7B9BC}.Release|x86.Build.0 = Release|Win32
		{26E2402E-F865-433B-98BE-E9C04319E834}.Debug|x64.ActiveCfg = Debug|x64
		{26E2402E-F865-433B-98BE-E9C04319E834}.Debug|x64.Build.0 = Debug|x64
		{26E2402E-F865-433B-98BE-E9C04319E834}.Debug|x86.ActiveCfg = Debug|Win32
		{26E2402E-F865-433B-98BE-E9C04319E834}.Debug|x86.Build.0 = Debug|Win32
		{26E2402E-F865-433B-98BE-E9C04319E834}.Release|x64.ActiveCfg = Release|x64
		{26E2402E-F865-433B-98BE-E9C04319E834}.Release|x64.Build.0 = Release|x64
		{26E2402E-F865-433B-98BE-E9C04319E834}.Release|x86.ActiveCfg = Release|Win32
		{26E2402E-F865-433B-98BE-E9C04319E834}.Release|x86.Build.0 = Release|Win32
	EndGlobalSection
	GlobalSection(SolutionProperties) = preSolution
		HideSolutionNode = FALSE
	EndGlobalSection
	GlobalSection(ExtensibilityGlobals) = postSolution
		SolutionGuid = {080D2E9A-A351-4D9E-8957-FBBC5DBD9EB1}
	EndGlobalSection
EndGlobal
